
Microsoft Visual Studio Solution File, Format Version 12.00
# Visual Studio Version 17
VisualStudioVersion = 17.4.33213.308
MinimumVisualStudioVersion = 10.0.40219.1
Project("{FAE04EC0-301F-11D3-BF4B-00C04F79EFBC}") = "Question_Eight", "Question_Eight\Question_Eight.csproj", "{6CFA51EC-6D24-4BAC-A30C-2B7FD782CBCD}"
EndProject
Global
	GlobalSection(SolutionConfigurationPlatforms) = preSolution
		Debug|Any CPU = Debug|Any CPU
		Release|Any CPU = Release|Any CPU
	EndGlobalSection
	GlobalSection(ProjectConfigurationPlatforms) = postSolution
		{6CFA51EC-6D24-4BAC-A30C-2B7FD782CBCD}.Debug|Any CPU.ActiveCfg = Debug|Any CPU
		{6CFA51EC-6D24-4BAC-A30C-2B7FD782CBCD}.Debug|Any CPU.Build.0 = Debug|Any CPU
		{6CFA51EC-6D24-4BAC-A30C-2B7FD782CBCD}.Release|Any CPU.ActiveCfg = Release|Any CPU
		{6CFA51EC-6D24-4BAC-A30C-2B7FD782CBCD}.Release|Any CPU.Build.0 = Release|Any CPU
	EndGlobalSection
	GlobalSection(SolutionProperties) = preSolution
		HideSolutionNode = FALSE
	EndGlobalSection
	GlobalSection(ExtensibilityGlobals) = postSolution
		SolutionGuid = {663801B0-D5F3-4314-B8B6-DE49E48D81FE}
	EndGlobalSection
EndGlobal
