
Microsoft Visual Studio Solution File, Format Version 12.00
# Visual Studio Version 17
VisualStudioVersion = 17.4.33213.308
MinimumVisualStudioVersion = 10.0.40219.1
Project("{FAE04EC0-301F-11D3-BF4B-00C04F79EFBC}") = "Question_ten", "Question_ten\Question_ten.csproj", "{D6AC0AC9-D18B-4D78-997A-704FBC6FE4F7}"
EndProject
Global
	GlobalSection(SolutionConfigurationPlatforms) = preSolution
		Debug|Any CPU = Debug|Any CPU
		Release|Any CPU = Release|Any CPU
	EndGlobalSection
	GlobalSection(ProjectConfigurationPlatforms) = postSolution
		{D6AC0AC9-D18B-4D78-997A-704FBC6FE4F7}.Debug|Any CPU.ActiveCfg = Debug|Any CPU
		{D6AC0AC9-D18B-4D78-997A-704FBC6FE4F7}.Debug|Any CPU.Build.0 = Debug|Any CPU
		{D6AC0AC9-D18B-4D78-997A-704FBC6FE4F7}.Release|Any CPU.ActiveCfg = Release|Any CPU
		{D6AC0AC9-D18B-4D78-997A-704FBC6FE4F7}.Release|Any CPU.Build.0 = Release|Any CPU
	EndGlobalSection
	GlobalSection(SolutionProperties) = preSolution
		HideSolutionNode = FALSE
	EndGlobalSection
	GlobalSection(ExtensibilityGlobals) = postSolution
		SolutionGuid = {1C744B38-CAF2-4565-BA36-F8101E044E09}
	EndGlobalSection
EndGlobal
