
Microsoft Visual Studio Solution File, Format Version 12.00
# Visual Studio Version 17
VisualStudioVersion = 17.4.33213.308
MinimumVisualStudioVersion = 10.0.40219.1
Project("{FAE04EC0-301F-11D3-BF4B-00C04F79EFBC}") = "Question_two", "Question_two\Question_two.csproj", "{B95D128C-DF44-40A4-BA5A-1B3974972BF5}"
EndProject
Global
	GlobalSection(SolutionConfigurationPlatforms) = preSolution
		Debug|Any CPU = Debug|Any CPU
		Release|Any CPU = Release|Any CPU
	EndGlobalSection
	GlobalSection(ProjectConfigurationPlatforms) = postSolution
		{B95D128C-DF44-40A4-BA5A-1B3974972BF5}.Debug|Any CPU.ActiveCfg = Debug|Any CPU
		{B95D128C-DF44-40A4-BA5A-1B3974972BF5}.Debug|Any CPU.Build.0 = Debug|Any CPU
		{B95D128C-DF44-40A4-BA5A-1B3974972BF5}.Release|Any CPU.ActiveCfg = Release|Any CPU
		{B95D128C-DF44-40A4-BA5A-1B3974972BF5}.Release|Any CPU.Build.0 = Release|Any CPU
	EndGlobalSection
	GlobalSection(SolutionProperties) = preSolution
		HideSolutionNode = FALSE
	EndGlobalSection
	GlobalSection(ExtensibilityGlobals) = postSolution
		SolutionGuid = {466C07EE-E425-4908-883E-14EE6E799CEE}
	EndGlobalSection
EndGlobal
